
Microsoft Visual Studio Solution File, Format Version 12.00
# Visual Studio Version 17
VisualStudioVersion = 17.6.33723.286
MinimumVisualStudioVersion = 10.0.40219.1
Project("{FAE04EC0-301F-11D3-BF4B-00C04F79EFBC}") = "SubjectBD", "SubjectBD.csproj", "{75359557-19B3-4E70-81F9-16C317C28CF8}"
EndProject
Global
	GlobalSection(SolutionConfigurationPlatforms) = preSolution
		Debug|Any CPU = Debug|Any CPU
		Release|Any CPU = Release|Any CPU
	EndGlobalSection
	GlobalSection(ProjectConfigurationPlatforms) = postSolution
		{75359557-19B3-4E70-81F9-16C317C28CF8}.Debug|Any CPU.ActiveCfg = Debug|Any CPU
		{75359557-19B3-4E70-81F9-16C317C28CF8}.Debug|Any CPU.Build.0 = Debug|Any CPU
		{75359557-19B3-4E70-81F9-16C317C28CF8}.Release|Any CPU.ActiveCfg = Release|Any CPU
		{75359557-19B3-4E70-81F9-16C317C28CF8}.Release|Any CPU.Build.0 = Release|Any CPU
	EndGlobalSection
	GlobalSection(SolutionProperties) = preSolution
		HideSolutionNode = FALSE
	EndGlobalSection
	GlobalSection(ExtensibilityGlobals) = postSolution
		SolutionGuid = {0632F77E-BDE3-4676-A8A6-DA48B084CB10}
	EndGlobalSection
EndGlobal
